
Microsoft Visual Studio Solution File, Format Version 12.00
# Visual Studio Version 16
VisualStudioVersion = 16.0.31515.178
MinimumVisualStudioVersion = 10.0.40219.1
Project("{8BC9CEB8-8B4A-11D0-8D11-00A0C91BC942}") = "file work", "file work\file work.vcxproj", "{17E8266D-9FCE-4F2E-AB3C-F519E6FA25E4}"
EndProject
Global
	GlobalSection(SolutionConfigurationPlatforms) = preSolution
		Debug|x64 = Debug|x64
		Debug|x86 = Debug|x86
		Release|x64 = Release|x64
		Release|x86 = Release|x86
	EndGlobalSection
	GlobalSection(ProjectConfigurationPlatforms) = postSolution
		{17E8266D-9FCE-4F2E-AB3C-F519E6FA25E4}.Debug|x64.ActiveCfg = Debug|x64
		{17E8266D-9FCE-4F2E-AB3C-F519E6FA25E4}.Debug|x64.Build.0 = Debug|x64
		{17E8266D-9FCE-4F2E-AB3C-F519E6FA25E4}.Debug|x86.ActiveCfg = Debug|Win32
		{17E8266D-9FCE-4F2E-AB3C-F519E6FA25E4}.Debug|x86.Build.0 = Debug|Win32
		{17E8266D-9FCE-4F2E-AB3C-F519E6FA25E4}.Release|x64.ActiveCfg = Release|x64
		{17E8266D-9FCE-4F2E-AB3C-F519E6FA25E4}.Release|x64.Build.0 = Release|x64
		{17E8266D-9FCE-4F2E-AB3C-F519E6FA25E4}.Release|x86.ActiveCfg = Release|Win32
		{17E8266D-9FCE-4F2E-AB3C-F519E6FA25E4}.Release|x86.Build.0 = Release|Win32
	EndGlobalSection
	GlobalSection(SolutionProperties) = preSolution
		HideSolutionNode = FALSE
	EndGlobalSection
	GlobalSection(ExtensibilityGlobals) = postSolution
		SolutionGuid = {56D8B986-5C68-4C74-9667-3ECA205E5632}
	EndGlobalSection
EndGlobal
